{
    "version": 3,
    "terraform_version": "0.11.10",
    "serial": 3,
    "lineage": "a2f1e7b2-1c6f-a299-f35a-7c89934743f0",
    "modules": [
        {
            "path": [
                "root"
            ],
            "outputs": {
                "elb_dns_name": {
                    "sensitive": false,
                    "type": "string",
                    "value": "test-20181115232525068800000002-522661751.eu-central-1.elb.amazonaws.com"
                },
                "private_key": {
                    "sensitive": true,
                    "type": "string",
                    "value": "-----BEGIN RSA PRIVATE KEY-----\nMIIJKgIBAAKCAgEA2KIPAml2eSDoKcjfo3j3ounMmA5j79NvuKKSvZDhHUMPqAgr\nmvsBBAkdsBzVToOya9RP5+xOzwvfjiVJAoQ29uBpH8o8sx+X9mf8dResrFAom0+6\np5CLdacPH+c7BKjIlE5GeCjE9hdjZPzeKb0p+NgZNwpmE4zV2S85ZB0Hm9YBwe6L\nLnVCK702Sv/yozcugd56IZajY3aow/2NuigUmdUgBP6v7rVCcOlDSNkUtjvmdIgc\n3V6prnJ56h0GLXEg5Lu4WOD8N3FZaxA4H5hlfmUKb6h91nrBJd2SmxZimanVzuRv\n41MX1Lm+AcRxuPqDL0t7oVZSVUZOrEBlooI/PX0qloVVhEo6QRwt9FDRxwmJSA7q\n7jCQFlp+/yHKNw4SKrQf3yVWXaXTMWwJ5DESqMzZRuG9TbNXBKWhxerolMS3yzA/\n/O7i1l++wuS/ZauXSKPf7ADyZd+EZBJqrWyjca1kmx011N4xfvRiqI94jMfQE08M\n4GHqgPsWVqDmmB26lz6d8Swp6BFuFcr6QnhQMHO1dfKfkZgxapio055GvOJWDDjb\nwrfMCrXl14JZfu3ZlcbHGWkN0MsQ2FclilDAa7U1rOFzZ751WNwpHVc3PziTacDe\nZBoqJeMxOS8AgfTz6KUATF+/GUnE9b+V6ap+OUoRAzYDvWCr6Lts9r0L4NsCAwEA\nAQKCAgBqM+DJ3Owg6/oFah4BZW955cbQkNV7oJt31/O6jYlfMB4/0WmXPBC+ar2s\nNiZ4rGXPKTHXUGk+ZeK+LBdD7Y+IrnG7DQl/AzEbstT4jpevjkiqA4dNWLaWAkWO\n7Wxol1pmIo23oL0WrFalDrbXnY4zGbYa3rU2RmgcZmNrajPtuRf5fDmtl/zNtqAk\nWqAYVhgtwOT9DH2jaGvKUcamibm3xN1CtZ2ImEIvWpwK3amiwXD0ljoYaK0lAag1\nFu+NXZWzrTfuErZzc9VTgIsTKkIvmddo8CBpApsoNh0GfQ3vqWxRVnpn5rebKUg2\nU5kxB1dC222LpecNOT+egJ+S8OmRE5oC+IfV4FUdpL+BXw14qvii7Zf02f744Nm5\narwTlqhTGRa+M1E1X1EyI2pySodsDLRu/7UwC9bdvGiu0mNqX6BfQkwE2pykC4NW\nwQuSfJUv4YfwHgDK6Nf7hOUWhZvAXCSt6pFb2m/Ocwxq6/RQv9wqGZpifdjBGmk8\nRZUjoK/Fk+K3DBlx/CNPUOS7NktOGIgbw5Zvrp3OSDmfScmjCICzYpN74paKRCc6\nYpqw+/nuztyflwKjyKqUTeoNlm27PxJjfmqnVh+4k/z8Cpmjjmiwic/kgq5eD/MU\nEzSzqyrNTGX2XWLh/pUxS5slY8toW8mYUDaGXXTdcduMrcLDaQKCAQEA703F2fix\neKvK5/oeV9XZoMUMsYz8DFZ1syTJj7xir5SI+pW3S4Wnewi5qb4hqIhlRvCRulgx\nJWZjz3kCgu3tkKfbsKhj5YJeGzW1YwaWWRVY5oY3+rzRAyGj4KLP/HY84iqDn51k\nPkUOISfzps2h4vW0KqrQZWhLT4NSFT0jm5mvqPvwjkXtymJfXsB+DEXIsU8KQAxQ\nGJ0QEV4RF9uN1BIxehf9KVSoQ1FPH2QqLSWsDSaZQLY1EH9KIac0dndL72XJNyzi\nvcEXD2vFu+xJvB9GGtzeyz/Mh/p1s3/qZJeXsR1EcXmqw9zLlwtQ+fJb6Ox3pvSP\nfT/0hYOXH331HQKCAQEA579cfEQYj2Ig7sj+W3nvA+YSgOuqv+s7ivEsrsQuDLmd\nqnMkYmOykcd336UbJv3bbgBj+dtnlndeVZ45VIkc3V2jo4yLjtOwJS2/J89Mhz/j\nFLg6nj7A0pQBW1QQgbpHHOOwBpXEcMGndDzBMT7DkCe3VyaInkM5VYjQPOVrcTeu\nxK5KFw3dNsn3S60uYPH7DAOBTQftZ6n8uvjzFgY9fARJocdUZWeLqvkRMkYi+Npk\nP7LzXC/4QeBPbRUhprkTTfZOURb+PF39vY5rTG3llwAs1uKsrEi066+3P91QtOO8\nDimvHjQ53hwdwQTpUSwlOWpPpFOsrGTInNEbZmOkVwKCAQEA0JsxgCPlQVYwmSxW\nSydmgVmFCTnndjHghHvrIVuNg5WuGxNsJ2+pYf1nK+tMmAfekYqg3pqGrR2moHPS\nlqQmVdWeE0+XVbjhpEKbjmltotaTGtGh9vemFF685tPHD0NbK6T3/KpNemLkQE79\nfUkAeELL/e3NoLjb/cJySYV0hu3gTSTivIOFGMnMbWLL/pLOspI+Uzroj6xLF3iy\n2eNQra/2ZYKH9AGSdKxqlujQQ271nrkpG1o6w9jSnKePej3geh5225xLRDMQkSbX\nxkvisxVoHX6w0OkauObCt+koQOxNFd53jZwMGpVc/JymyFxXdqK8Y1QJyZt44vKl\nSJSamQKCAQEAu4R+7FoZWWO4bB6cmh42xXvTuxd2CWbovgtZ8WvyKv/CUNpsNWSg\naA7zszYgm1NLy11riA/9aKXb4gFuODXd8kzDjSG7Bu3JGLxEcYzuSn3qW6iaXdM/\nKOTzmBeUZ7P3uKuPkjR7SBWaTpaeaB92FF3enxkh8JVKfih+/tdQMcMxmhnA/5iL\nR7rya/yMi4shbN4lMNRaR8gnJI8t+sM/2uqJPetRIeBABi8UuA5CXAQym8xL2GtE\nQOGkwwoXOZWFxk6nnjuxqd0P5OKpdaVy4dUVcyblO151bkO3Tmjg1g1z7C3Ucecm\nb89mT/mOZM0IrcWU/c1q6e9+2EznE9lKbwKCAQEAr2RT7vGUKD526jICji4HET0A\nrDKimq23AbBAZlFOO8q3o3dEh9Gd9OEo8JcPr9499z2KI9xv98YfNBJS5o5bTP2/\n5vgc4flRzU9UOdOVMzGObfUFb1g6DoknGf0BlYtx2sV2FUOBFeIcDhKnJCrrtPqX\nxcGg71eE8pZq69MRfU/ixihjrkylhn5zyeYO7YPuaTSaFrzW/Lyz2Devg9rmOTM4\ny3cDtp3p8q8ceou2uisaFXjwEsX/g01f0/Bc01AxDYBMEPVQRYMyqmcepKphDmgl\nBQsb349Tp1D+c2gVPkTbh6SD69yqh+zHqb08sJtvyjVKhEzHLmZKYs2zniWm+Q==\n-----END RSA PRIVATE KEY-----\n"
                }
            },
            "resources": {
                "aws_elb.ma-lb-1": {
                    "type": "aws_elb",
                    "depends_on": [
                        "aws_security_group.LoadBalancerSG",
                        "aws_subnet.pub-web-az-a",
                        "aws_subnet.pub-web-az-b"
                    ],
                    "primary": {
                        "id": "test-20181115232525068800000002",
                        "attributes": {
                            "access_logs.#": "0",
                            "arn": "arn:aws:elasticloadbalancing:eu-central-1:903345005292:loadbalancer/test-20181115232525068800000002",
                            "availability_zones.#": "2",
                            "availability_zones.1126047633": "eu-central-1a",
                            "availability_zones.3658960427": "eu-central-1b",
                            "connection_draining": "false",
                            "connection_draining_timeout": "300",
                            "cross_zone_load_balancing": "true",
                            "dns_name": "test-20181115232525068800000002-522661751.eu-central-1.elb.amazonaws.com",
                            "health_check.#": "1",
                            "health_check.0.healthy_threshold": "2",
                            "health_check.0.interval": "30",
                            "health_check.0.target": "HTTP:8080/",
                            "health_check.0.timeout": "3",
                            "health_check.0.unhealthy_threshold": "2",
                            "id": "test-20181115232525068800000002",
                            "idle_timeout": "60",
                            "instances.#": "0",
                            "internal": "false",
                            "listener.#": "1",
                            "listener.3931999347.instance_port": "8080",
                            "listener.3931999347.instance_protocol": "http",
                            "listener.3931999347.lb_port": "80",
                            "listener.3931999347.lb_protocol": "http",
                            "listener.3931999347.ssl_certificate_id": "",
                            "name": "test-20181115232525068800000002",
                            "name_prefix": "test-",
                            "security_groups.#": "1",
                            "security_groups.2308576909": "sg-04a084f042e9a724f",
                            "source_security_group": "903345005292/LoadBalancerSG",
                            "source_security_group_id": "sg-04a084f042e9a724f",
                            "subnets.#": "2",
                            "subnets.3482049930": "subnet-0bac7c7c77a232666",
                            "subnets.3773635933": "subnet-046ff0c8fe3b34419",
                            "tags.%": "0",
                            "zone_id": "Z215JYRZR1TBD5"
                        },
                        "meta": {},
                        "tainted": false
                    },
                    "deposed": [],
                    "provider": "provider.aws"
                },
                "aws_internet_gateway.ma-inetgw": {
                    "type": "aws_internet_gateway",
                    "depends_on": [
                        "aws_vpc.ma-vpc-eu-1"
                    ],
                    "primary": {
                        "id": "igw-0efdc1a659b18f1d2",
                        "attributes": {
                            "id": "igw-0efdc1a659b18f1d2",
                            "tags.%": "1",
                            "tags.Name": "IGW-VPC-test-Default",
                            "vpc_id": "vpc-0e94d75be3246d759"
                        },
                        "meta": {},
                        "tainted": false
                    },
                    "deposed": [],
                    "provider": "provider.aws"
                },
                "aws_key_pair.ma-keypair": {
                    "type": "aws_key_pair",
                    "depends_on": [
                        "tls_private_key.ma-privkey"
                    ],
                    "primary": {
                        "id": "ec2key",
                        "attributes": {
                            "fingerprint": "85:72:2f:96:49:db:68:60:3e:ef:43:96:52:75:94:48",
                            "id": "ec2key",
                            "key_name": "ec2key",
                            "public_key": "ssh-rsa AAAAB3NzaC1yc2EAAAADAQABAAACAQDYog8CaXZ5IOgpyN+jePei6cyYDmPv02+4opK9kOEdQw+oCCua+wEECR2wHNVOg7Jr1E/n7E7PC9+OJUkChDb24GkfyjyzH5f2Z/x1F6ysUCibT7qnkIt1pw8f5zsEqMiUTkZ4KMT2F2Nk/N4pvSn42Bk3CmYTjNXZLzlkHQeb1gHB7osudUIrvTZK//KjNy6B3nohlqNjdqjD/Y26KBSZ1SAE/q/utUJw6UNI2RS2O+Z0iBzdXqmucnnqHQYtcSDku7hY4Pw3cVlrEDgfmGV+ZQpvqH3WesEl3ZKbFmKZqdXO5G/jUxfUub4BxHG4+oMvS3uhVlJVRk6sQGWigj89fSqWhVWESjpBHC30UNHHCYlIDuruMJAWWn7/Ico3DhIqtB/fJVZdpdMxbAnkMRKozNlG4b1Ns1cEpaHF6uiUxLfLMD/87uLWX77C5L9lq5dIo9/sAPJl34RkEmqtbKNxrWSbHTXU3jF+9GKoj3iMx9ATTwzgYeqA+xZWoOaYHbqXPp3xLCnoEW4VyvpCeFAwc7V18p+RmDFqmKjTnka84lYMONvCt8wKteXXgll+7dmVxscZaQ3QyxDYVyWKUMBrtTWs4XNnvnVY3CkdVzc/OJNpwN5kGiol4zE5LwCB9PPopQBMX78ZScT1v5Xpqn45ShEDNgO9YKvou2z2vQvg2w=="
                        },
                        "meta": {
                            "schema_version": "1"
                        },
                        "tainted": false
                    },
                    "deposed": [],
                    "provider": "provider.aws"
                },
                "aws_launch_configuration.ma_ec2_webserver": {
                    "type": "aws_launch_configuration",
                    "depends_on": [
                        "aws_key_pair.ma-keypair",
                        "aws_security_group.WebserverSG"
                    ],
                    "primary": {
                        "id": "terraform-20181115232523904400000001",
                        "attributes": {
                            "associate_public_ip_address": "false",
                            "ebs_block_device.#": "0",
                            "ebs_optimized": "false",
                            "enable_monitoring": "true",
                            "ephemeral_block_device.#": "0",
                            "iam_instance_profile": "",
                            "id": "terraform-20181115232523904400000001",
                            "image_id": "ami-0bdf93799014acdc4",
                            "instance_type": "t2.micro",
                            "key_name": "ec2key",
                            "name": "terraform-20181115232523904400000001",
                            "root_block_device.#": "0",
                            "security_groups.#": "1",
                            "security_groups.3280432291": "sg-0887c520c53018120",
                            "spot_price": "",
                            "user_data": "4430fd6498339061effa6d27ccf341a1e94569d7",
                            "vpc_classic_link_id": "",
                            "vpc_classic_link_security_groups.#": "0"
                        },
                        "meta": {},
                        "tainted": false
                    },
                    "deposed": [],
                    "provider": "provider.aws"
                },
                "aws_route_table.eu-default": {
                    "type": "aws_route_table",
                    "depends_on": [
                        "aws_internet_gateway.ma-inetgw",
                        "aws_vpc.ma-vpc-eu-1"
                    ],
                    "primary": {
                        "id": "rtb-006291ca1f4cbbdc2",
                        "attributes": {
                            "id": "rtb-006291ca1f4cbbdc2",
                            "propagating_vgws.#": "0",
                            "route.#": "1",
                            "route.1051725976.cidr_block": "0.0.0.0/0",
                            "route.1051725976.egress_only_gateway_id": "",
                            "route.1051725976.gateway_id": "igw-0efdc1a659b18f1d2",
                            "route.1051725976.instance_id": "",
                            "route.1051725976.ipv6_cidr_block": "",
                            "route.1051725976.nat_gateway_id": "",
                            "route.1051725976.network_interface_id": "",
                            "route.1051725976.vpc_peering_connection_id": "",
                            "tags.%": "1",
                            "tags.Name": "Route-Table-EU-Default",
                            "vpc_id": "vpc-0e94d75be3246d759"
                        },
                        "meta": {},
                        "tainted": false
                    },
                    "deposed": [],
                    "provider": "provider.aws"
                },
                "aws_route_table_association.eu-central-1a-private": {
                    "type": "aws_route_table_association",
                    "depends_on": [
                        "aws_route_table.eu-default",
                        "aws_subnet.priv-db-az-a"
                    ],
                    "primary": {
                        "id": "rtbassoc-04c5fb65b72d86348",
                        "attributes": {
                            "id": "rtbassoc-04c5fb65b72d86348",
                            "route_table_id": "rtb-006291ca1f4cbbdc2",
                            "subnet_id": "subnet-09d0ffc4798e55b90"
                        },
                        "meta": {},
                        "tainted": false
                    },
                    "deposed": [],
                    "provider": "provider.aws"
                },
                "aws_route_table_association.eu-central-1a-public": {
                    "type": "aws_route_table_association",
                    "depends_on": [
                        "aws_route_table.eu-default",
                        "aws_subnet.pub-web-az-a"
                    ],
                    "primary": {
                        "id": "rtbassoc-0c9a06010b0c1c279",
                        "attributes": {
                            "id": "rtbassoc-0c9a06010b0c1c279",
                            "route_table_id": "rtb-006291ca1f4cbbdc2",
                            "subnet_id": "subnet-046ff0c8fe3b34419"
                        },
                        "meta": {},
                        "tainted": false
                    },
                    "deposed": [],
                    "provider": "provider.aws"
                },
                "aws_route_table_association.eu-central-1b-private": {
                    "type": "aws_route_table_association",
                    "depends_on": [
                        "aws_route_table.eu-default",
                        "aws_subnet.priv-db-az-b"
                    ],
                    "primary": {
                        "id": "rtbassoc-03e69b66664568c0e",
                        "attributes": {
                            "id": "rtbassoc-03e69b66664568c0e",
                            "route_table_id": "rtb-006291ca1f4cbbdc2",
                            "subnet_id": "subnet-0a1f10cfb74abfd3e"
                        },
                        "meta": {},
                        "tainted": false
                    },
                    "deposed": [],
                    "provider": "provider.aws"
                },
                "aws_route_table_association.eu-central-1b-public": {
                    "type": "aws_route_table_association",
                    "depends_on": [
                        "aws_route_table.eu-default",
                        "aws_subnet.pub-web-az-b"
                    ],
                    "primary": {
                        "id": "rtbassoc-0468b770e97eb5dd1",
                        "attributes": {
                            "id": "rtbassoc-0468b770e97eb5dd1",
                            "route_table_id": "rtb-006291ca1f4cbbdc2",
                            "subnet_id": "subnet-0bac7c7c77a232666"
                        },
                        "meta": {},
                        "tainted": false
                    },
                    "deposed": [],
                    "provider": "provider.aws"
                },
                "aws_security_group.DBServerSG": {
                    "type": "aws_security_group",
                    "depends_on": [
                        "aws_security_group.WebserverSG",
                        "aws_security_group.bastionhostSG",
                        "aws_vpc.ma-vpc-eu-1"
                    ],
                    "primary": {
                        "id": "sg-01969cb205bd3cc82",
                        "attributes": {
                            "arn": "arn:aws:ec2:eu-central-1:903345005292:security-group/sg-01969cb205bd3cc82",
                            "description": "Security group for database servers",
                            "egress.#": "1",
                            "egress.3478769968.cidr_blocks.#": "1",
                            "egress.3478769968.cidr_blocks.0": "0.0.0.0/0",
                            "egress.3478769968.description": "Allow all outgoing traffic",
                            "egress.3478769968.from_port": "0",
                            "egress.3478769968.ipv6_cidr_blocks.#": "0",
                            "egress.3478769968.prefix_list_ids.#": "0",
                            "egress.3478769968.protocol": "-1",
                            "egress.3478769968.security_groups.#": "0",
                            "egress.3478769968.self": "false",
                            "egress.3478769968.to_port": "0",
                            "id": "sg-01969cb205bd3cc82",
                            "ingress.#": "3",
                            "ingress.3601578055.cidr_blocks.#": "0",
                            "ingress.3601578055.description": "Allow incoming MySQL traffic from webservers",
                            "ingress.3601578055.from_port": "3306",
                            "ingress.3601578055.ipv6_cidr_blocks.#": "0",
                            "ingress.3601578055.prefix_list_ids.#": "0",
                            "ingress.3601578055.protocol": "TCP",
                            "ingress.3601578055.security_groups.#": "1",
                            "ingress.3601578055.security_groups.3280432291": "sg-0887c520c53018120",
                            "ingress.3601578055.self": "false",
                            "ingress.3601578055.to_port": "3306",
                            "ingress.3900971955.cidr_blocks.#": "0",
                            "ingress.3900971955.description": "Allow incoming SSH traffic from Bastion Host",
                            "ingress.3900971955.from_port": "22",
                            "ingress.3900971955.ipv6_cidr_blocks.#": "0",
                            "ingress.3900971955.prefix_list_ids.#": "0",
                            "ingress.3900971955.protocol": "TCP",
                            "ingress.3900971955.security_groups.#": "1",
                            "ingress.3900971955.security_groups.945749379": "sg-0b0a7498b6beb330d",
                            "ingress.3900971955.self": "false",
                            "ingress.3900971955.to_port": "22",
                            "ingress.543734626.cidr_blocks.#": "0",
                            "ingress.543734626.description": "Allow incoming ICMP from management IPs",
                            "ingress.543734626.from_port": "-1",
                            "ingress.543734626.ipv6_cidr_blocks.#": "0",
                            "ingress.543734626.prefix_list_ids.#": "0",
                            "ingress.543734626.protocol": "ICMP",
                            "ingress.543734626.security_groups.#": "1",
                            "ingress.543734626.security_groups.945749379": "sg-0b0a7498b6beb330d",
                            "ingress.543734626.self": "false",
                            "ingress.543734626.to_port": "-1",
                            "name": "DBServerSG",
                            "owner_id": "903345005292",
                            "revoke_rules_on_delete": "false",
                            "tags.%": "1",
                            "tags.Name": "SG-DBServer",
                            "vpc_id": "vpc-0e94d75be3246d759"
                        },
                        "meta": {
                            "e2bfb730-ecaa-11e6-8f88-34363bc7c4c0": {
                                "create": 600000000000,
                                "delete": 600000000000
                            },
                            "schema_version": "1"
                        },
                        "tainted": false
                    },
                    "deposed": [],
                    "provider": "provider.aws"
                },
                "aws_security_group.LoadBalancerSG": {
                    "type": "aws_security_group",
                    "depends_on": [
                        "aws_security_group.WebserverSG",
                        "aws_vpc.ma-vpc-eu-1"
                    ],
                    "primary": {
                        "id": "sg-04a084f042e9a724f",
                        "attributes": {
                            "arn": "arn:aws:ec2:eu-central-1:903345005292:security-group/sg-04a084f042e9a724f",
                            "description": "Security group for load-balancers",
                            "egress.#": "3",
                            "egress.1825247107.cidr_blocks.#": "0",
                            "egress.1825247107.description": "",
                            "egress.1825247107.from_port": "443",
                            "egress.1825247107.ipv6_cidr_blocks.#": "0",
                            "egress.1825247107.prefix_list_ids.#": "0",
                            "egress.1825247107.protocol": "TCP",
                            "egress.1825247107.security_groups.#": "1",
                            "egress.1825247107.security_groups.3280432291": "sg-0887c520c53018120",
                            "egress.1825247107.self": "false",
                            "egress.1825247107.to_port": "443",
                            "egress.3714541448.cidr_blocks.#": "0",
                            "egress.3714541448.description": "",
                            "egress.3714541448.from_port": "8080",
                            "egress.3714541448.ipv6_cidr_blocks.#": "0",
                            "egress.3714541448.prefix_list_ids.#": "0",
                            "egress.3714541448.protocol": "TCP",
                            "egress.3714541448.security_groups.#": "1",
                            "egress.3714541448.security_groups.3280432291": "sg-0887c520c53018120",
                            "egress.3714541448.self": "false",
                            "egress.3714541448.to_port": "8080",
                            "egress.3844798065.cidr_blocks.#": "0",
                            "egress.3844798065.description": "",
                            "egress.3844798065.from_port": "80",
                            "egress.3844798065.ipv6_cidr_blocks.#": "0",
                            "egress.3844798065.prefix_list_ids.#": "0",
                            "egress.3844798065.protocol": "TCP",
                            "egress.3844798065.security_groups.#": "1",
                            "egress.3844798065.security_groups.3280432291": "sg-0887c520c53018120",
                            "egress.3844798065.self": "false",
                            "egress.3844798065.to_port": "80",
                            "id": "sg-04a084f042e9a724f",
                            "ingress.#": "2",
                            "ingress.2585648496.cidr_blocks.#": "1",
                            "ingress.2585648496.cidr_blocks.0": "0.0.0.0/0",
                            "ingress.2585648496.description": "Allow incoming HTTPS traffic from anywhere",
                            "ingress.2585648496.from_port": "443",
                            "ingress.2585648496.ipv6_cidr_blocks.#": "0",
                            "ingress.2585648496.prefix_list_ids.#": "0",
                            "ingress.2585648496.protocol": "TCP",
                            "ingress.2585648496.security_groups.#": "0",
                            "ingress.2585648496.self": "false",
                            "ingress.2585648496.to_port": "443",
                            "ingress.3373133367.cidr_blocks.#": "1",
                            "ingress.3373133367.cidr_blocks.0": "0.0.0.0/0",
                            "ingress.3373133367.description": "Allow incoming HTTP traffic from anywhere",
                            "ingress.3373133367.from_port": "80",
                            "ingress.3373133367.ipv6_cidr_blocks.#": "0",
                            "ingress.3373133367.prefix_list_ids.#": "0",
                            "ingress.3373133367.protocol": "TCP",
                            "ingress.3373133367.security_groups.#": "0",
                            "ingress.3373133367.self": "false",
                            "ingress.3373133367.to_port": "80",
                            "name": "LoadBalancerSG",
                            "owner_id": "903345005292",
                            "revoke_rules_on_delete": "false",
                            "tags.%": "1",
                            "tags.Name": "SG-Loadbalancer",
                            "vpc_id": "vpc-0e94d75be3246d759"
                        },
                        "meta": {
                            "e2bfb730-ecaa-11e6-8f88-34363bc7c4c0": {
                                "create": 600000000000,
                                "delete": 600000000000
                            },
                            "schema_version": "1"
                        },
                        "tainted": false
                    },
                    "deposed": [],
                    "provider": "provider.aws"
                },
                "aws_security_group.WebserverSG": {
                    "type": "aws_security_group",
                    "depends_on": [
                        "aws_security_group.bastionhostSG",
                        "aws_vpc.ma-vpc-eu-1"
                    ],
                    "primary": {
                        "id": "sg-0887c520c53018120",
                        "attributes": {
                            "arn": "arn:aws:ec2:eu-central-1:903345005292:security-group/sg-0887c520c53018120",
                            "description": "Security group for webservers",
                            "egress.#": "1",
                            "egress.3478769968.cidr_blocks.#": "1",
                            "egress.3478769968.cidr_blocks.0": "0.0.0.0/0",
                            "egress.3478769968.description": "Allow all outgoing traffic",
                            "egress.3478769968.from_port": "0",
                            "egress.3478769968.ipv6_cidr_blocks.#": "0",
                            "egress.3478769968.prefix_list_ids.#": "0",
                            "egress.3478769968.protocol": "-1",
                            "egress.3478769968.security_groups.#": "0",
                            "egress.3478769968.self": "false",
                            "egress.3478769968.to_port": "0",
                            "id": "sg-0887c520c53018120",
                            "ingress.#": "2",
                            "ingress.3900971955.cidr_blocks.#": "0",
                            "ingress.3900971955.description": "Allow incoming SSH traffic from Bastion Host",
                            "ingress.3900971955.from_port": "22",
                            "ingress.3900971955.ipv6_cidr_blocks.#": "0",
                            "ingress.3900971955.prefix_list_ids.#": "0",
                            "ingress.3900971955.protocol": "TCP",
                            "ingress.3900971955.security_groups.#": "1",
                            "ingress.3900971955.security_groups.945749379": "sg-0b0a7498b6beb330d",
                            "ingress.3900971955.self": "false",
                            "ingress.3900971955.to_port": "22",
                            "ingress.543734626.cidr_blocks.#": "0",
                            "ingress.543734626.description": "Allow incoming ICMP from management IPs",
                            "ingress.543734626.from_port": "-1",
                            "ingress.543734626.ipv6_cidr_blocks.#": "0",
                            "ingress.543734626.prefix_list_ids.#": "0",
                            "ingress.543734626.protocol": "ICMP",
                            "ingress.543734626.security_groups.#": "1",
                            "ingress.543734626.security_groups.945749379": "sg-0b0a7498b6beb330d",
                            "ingress.543734626.self": "false",
                            "ingress.543734626.to_port": "-1",
                            "name": "WebserverSG",
                            "owner_id": "903345005292",
                            "revoke_rules_on_delete": "false",
                            "tags.%": "1",
                            "tags.Name": "SG-WebServer",
                            "vpc_id": "vpc-0e94d75be3246d759"
                        },
                        "meta": {
                            "e2bfb730-ecaa-11e6-8f88-34363bc7c4c0": {
                                "create": 600000000000,
                                "delete": 600000000000
                            },
                            "schema_version": "1"
                        },
                        "tainted": false
                    },
                    "deposed": [],
                    "provider": "provider.aws"
                },
                "aws_security_group.bastionhostSG": {
                    "type": "aws_security_group",
                    "depends_on": [
                        "aws_vpc.ma-vpc-eu-1"
                    ],
                    "primary": {
                        "id": "sg-0b0a7498b6beb330d",
                        "attributes": {
                            "arn": "arn:aws:ec2:eu-central-1:903345005292:security-group/sg-0b0a7498b6beb330d",
                            "description": "Security group for bastion hosts",
                            "egress.#": "1",
                            "egress.3478769968.cidr_blocks.#": "1",
                            "egress.3478769968.cidr_blocks.0": "0.0.0.0/0",
                            "egress.3478769968.description": "Allow all outgoing traffic",
                            "egress.3478769968.from_port": "0",
                            "egress.3478769968.ipv6_cidr_blocks.#": "0",
                            "egress.3478769968.prefix_list_ids.#": "0",
                            "egress.3478769968.protocol": "-1",
                            "egress.3478769968.security_groups.#": "0",
                            "egress.3478769968.self": "false",
                            "egress.3478769968.to_port": "0",
                            "id": "sg-0b0a7498b6beb330d",
                            "ingress.#": "2",
                            "ingress.3280446951.cidr_blocks.#": "1",
                            "ingress.3280446951.cidr_blocks.0": "0.0.0.0/0",
                            "ingress.3280446951.description": "Allow incoming SSH from management IPs",
                            "ingress.3280446951.from_port": "22",
                            "ingress.3280446951.ipv6_cidr_blocks.#": "0",
                            "ingress.3280446951.prefix_list_ids.#": "0",
                            "ingress.3280446951.protocol": "TCP",
                            "ingress.3280446951.security_groups.#": "0",
                            "ingress.3280446951.self": "false",
                            "ingress.3280446951.to_port": "22",
                            "ingress.952821519.cidr_blocks.#": "1",
                            "ingress.952821519.cidr_blocks.0": "0.0.0.0/0",
                            "ingress.952821519.description": "Allow incoming ICMP from management IPs",
                            "ingress.952821519.from_port": "-1",
                            "ingress.952821519.ipv6_cidr_blocks.#": "0",
                            "ingress.952821519.prefix_list_ids.#": "0",
                            "ingress.952821519.protocol": "ICMP",
                            "ingress.952821519.security_groups.#": "0",
                            "ingress.952821519.self": "false",
                            "ingress.952821519.to_port": "-1",
                            "name": "BastionHostSG",
                            "owner_id": "903345005292",
                            "revoke_rules_on_delete": "false",
                            "tags.%": "1",
                            "tags.Name": "SG-Bastionhost",
                            "vpc_id": "vpc-0e94d75be3246d759"
                        },
                        "meta": {
                            "e2bfb730-ecaa-11e6-8f88-34363bc7c4c0": {
                                "create": 600000000000,
                                "delete": 600000000000
                            },
                            "schema_version": "1"
                        },
                        "tainted": false
                    },
                    "deposed": [],
                    "provider": "provider.aws"
                },
                "aws_security_group.instance": {
                    "type": "aws_security_group",
                    "depends_on": [],
                    "primary": {
                        "id": "sg-08a0e11d6c46e9d68",
                        "attributes": {
                            "arn": "arn:aws:ec2:eu-central-1:903345005292:security-group/sg-08a0e11d6c46e9d68",
                            "description": "Managed by Terraform",
                            "egress.#": "0",
                            "id": "sg-08a0e11d6c46e9d68",
                            "ingress.#": "1",
                            "ingress.516175195.cidr_blocks.#": "1",
                            "ingress.516175195.cidr_blocks.0": "0.0.0.0/0",
                            "ingress.516175195.description": "",
                            "ingress.516175195.from_port": "8080",
                            "ingress.516175195.ipv6_cidr_blocks.#": "0",
                            "ingress.516175195.prefix_list_ids.#": "0",
                            "ingress.516175195.protocol": "tcp",
                            "ingress.516175195.security_groups.#": "0",
                            "ingress.516175195.self": "false",
                            "ingress.516175195.to_port": "8080",
                            "name": "terraform-example-instance",
                            "owner_id": "903345005292",
                            "revoke_rules_on_delete": "false",
                            "tags.%": "0",
                            "vpc_id": "vpc-1259997a"
                        },
                        "meta": {
                            "e2bfb730-ecaa-11e6-8f88-34363bc7c4c0": {
                                "create": 600000000000,
                                "delete": 600000000000
                            },
                            "schema_version": "1"
                        },
                        "tainted": false
                    },
                    "deposed": [],
                    "provider": "provider.aws"
                },
                "aws_security_group_rule.dbproxyaccess": {
                    "type": "aws_security_group_rule",
                    "depends_on": [
                        "aws_security_group.DBServerSG",
                        "aws_security_group.bastionhostSG"
                    ],
                    "primary": {
                        "id": "sgrule-274396265",
                        "attributes": {
                            "cidr_blocks.#": "0",
                            "description": "Allow Squid proxy access from database servers",
                            "from_port": "3128",
                            "id": "sgrule-274396265",
                            "ipv6_cidr_blocks.#": "0",
                            "prefix_list_ids.#": "0",
                            "protocol": "tcp",
                            "security_group_id": "sg-0b0a7498b6beb330d",
                            "self": "false",
                            "source_security_group_id": "sg-01969cb205bd3cc82",
                            "to_port": "3128",
                            "type": "ingress"
                        },
                        "meta": {
                            "schema_version": "2"
                        },
                        "tainted": false
                    },
                    "deposed": [],
                    "provider": "provider.aws"
                },
                "aws_security_group_rule.lbhttpaccess": {
                    "type": "aws_security_group_rule",
                    "depends_on": [
                        "aws_security_group.LoadBalancerSG",
                        "aws_security_group.WebserverSG"
                    ],
                    "primary": {
                        "id": "sgrule-3505327464",
                        "attributes": {
                            "cidr_blocks.#": "0",
                            "description": "Allow Squid proxy access from loadbalancers",
                            "from_port": "80",
                            "id": "sgrule-3505327464",
                            "ipv6_cidr_blocks.#": "0",
                            "prefix_list_ids.#": "0",
                            "protocol": "tcp",
                            "security_group_id": "sg-0887c520c53018120",
                            "self": "false",
                            "source_security_group_id": "sg-04a084f042e9a724f",
                            "to_port": "80",
                            "type": "ingress"
                        },
                        "meta": {
                            "schema_version": "2"
                        },
                        "tainted": false
                    },
                    "deposed": [],
                    "provider": "provider.aws"
                },
                "aws_security_group_rule.lbhttpsaccess": {
                    "type": "aws_security_group_rule",
                    "depends_on": [
                        "aws_security_group.LoadBalancerSG",
                        "aws_security_group.WebserverSG"
                    ],
                    "primary": {
                        "id": "sgrule-3146872087",
                        "attributes": {
                            "cidr_blocks.#": "0",
                            "description": "Allow Squid proxy access from loadbalancers",
                            "from_port": "443",
                            "id": "sgrule-3146872087",
                            "ipv6_cidr_blocks.#": "0",
                            "prefix_list_ids.#": "0",
                            "protocol": "tcp",
                            "security_group_id": "sg-0887c520c53018120",
                            "self": "false",
                            "source_security_group_id": "sg-04a084f042e9a724f",
                            "to_port": "443",
                            "type": "ingress"
                        },
                        "meta": {
                            "schema_version": "2"
                        },
                        "tainted": false
                    },
                    "deposed": [],
                    "provider": "provider.aws"
                },
                "aws_security_group_rule.webproxyaccess": {
                    "type": "aws_security_group_rule",
                    "depends_on": [
                        "aws_security_group.WebserverSG",
                        "aws_security_group.bastionhostSG"
                    ],
                    "primary": {
                        "id": "sgrule-2556187687",
                        "attributes": {
                            "cidr_blocks.#": "0",
                            "description": "Allow Squid proxy access from webservers",
                            "from_port": "3128",
                            "id": "sgrule-2556187687",
                            "ipv6_cidr_blocks.#": "0",
                            "prefix_list_ids.#": "0",
                            "protocol": "tcp",
                            "security_group_id": "sg-0b0a7498b6beb330d",
                            "self": "false",
                            "source_security_group_id": "sg-0887c520c53018120",
                            "to_port": "3128",
                            "type": "ingress"
                        },
                        "meta": {
                            "schema_version": "2"
                        },
                        "tainted": false
                    },
                    "deposed": [],
                    "provider": "provider.aws"
                },
                "aws_subnet.priv-db-az-a": {
                    "type": "aws_subnet",
                    "depends_on": [
                        "aws_vpc.ma-vpc-eu-1"
                    ],
                    "primary": {
                        "id": "subnet-09d0ffc4798e55b90",
                        "attributes": {
                            "arn": "arn:aws:ec2:eu-central-1:903345005292:subnet/subnet-09d0ffc4798e55b90",
                            "assign_ipv6_address_on_creation": "false",
                            "availability_zone": "eu-central-1a",
                            "cidr_block": "10.0.1.0/24",
                            "id": "subnet-09d0ffc4798e55b90",
                            "map_public_ip_on_launch": "false",
                            "tags.%": "1",
                            "tags.Name": "Subnet-eu-central-1a-DB",
                            "vpc_id": "vpc-0e94d75be3246d759"
                        },
                        "meta": {
                            "e2bfb730-ecaa-11e6-8f88-34363bc7c4c0": {
                                "create": 600000000000,
                                "delete": 600000000000
                            },
                            "schema_version": "1"
                        },
                        "tainted": false
                    },
                    "deposed": [],
                    "provider": "provider.aws"
                },
                "aws_subnet.priv-db-az-b": {
                    "type": "aws_subnet",
                    "depends_on": [
                        "aws_vpc.ma-vpc-eu-1"
                    ],
                    "primary": {
                        "id": "subnet-0a1f10cfb74abfd3e",
                        "attributes": {
                            "arn": "arn:aws:ec2:eu-central-1:903345005292:subnet/subnet-0a1f10cfb74abfd3e",
                            "assign_ipv6_address_on_creation": "false",
                            "availability_zone": "eu-central-1b",
                            "cidr_block": "10.0.2.0/24",
                            "id": "subnet-0a1f10cfb74abfd3e",
                            "map_public_ip_on_launch": "false",
                            "tags.%": "1",
                            "tags.Name": "Subnet-eu-central-1b-DB",
                            "vpc_id": "vpc-0e94d75be3246d759"
                        },
                        "meta": {
                            "e2bfb730-ecaa-11e6-8f88-34363bc7c4c0": {
                                "create": 600000000000,
                                "delete": 600000000000
                            },
                            "schema_version": "1"
                        },
                        "tainted": false
                    },
                    "deposed": [],
                    "provider": "provider.aws"
                },
                "aws_subnet.pub-web-az-a": {
                    "type": "aws_subnet",
                    "depends_on": [
                        "aws_vpc.ma-vpc-eu-1"
                    ],
                    "primary": {
                        "id": "subnet-046ff0c8fe3b34419",
                        "attributes": {
                            "arn": "arn:aws:ec2:eu-central-1:903345005292:subnet/subnet-046ff0c8fe3b34419",
                            "assign_ipv6_address_on_creation": "false",
                            "availability_zone": "eu-central-1a",
                            "cidr_block": "10.0.11.0/24",
                            "id": "subnet-046ff0c8fe3b34419",
                            "map_public_ip_on_launch": "true",
                            "tags.%": "1",
                            "tags.Name": "Subnet-eu-central-1a-Web",
                            "vpc_id": "vpc-0e94d75be3246d759"
                        },
                        "meta": {
                            "e2bfb730-ecaa-11e6-8f88-34363bc7c4c0": {
                                "create": 600000000000,
                                "delete": 600000000000
                            },
                            "schema_version": "1"
                        },
                        "tainted": false
                    },
                    "deposed": [],
                    "provider": "provider.aws"
                },
                "aws_subnet.pub-web-az-b": {
                    "type": "aws_subnet",
                    "depends_on": [
                        "aws_vpc.ma-vpc-eu-1"
                    ],
                    "primary": {
                        "id": "subnet-0bac7c7c77a232666",
                        "attributes": {
                            "arn": "arn:aws:ec2:eu-central-1:903345005292:subnet/subnet-0bac7c7c77a232666",
                            "assign_ipv6_address_on_creation": "false",
                            "availability_zone": "eu-central-1b",
                            "cidr_block": "10.0.12.0/24",
                            "id": "subnet-0bac7c7c77a232666",
                            "map_public_ip_on_launch": "true",
                            "tags.%": "1",
                            "tags.Name": "Subnet-eu-central-1b-Web",
                            "vpc_id": "vpc-0e94d75be3246d759"
                        },
                        "meta": {
                            "e2bfb730-ecaa-11e6-8f88-34363bc7c4c0": {
                                "create": 600000000000,
                                "delete": 600000000000
                            },
                            "schema_version": "1"
                        },
                        "tainted": false
                    },
                    "deposed": [],
                    "provider": "provider.aws"
                },
                "aws_vpc.ma-vpc-eu-1": {
                    "type": "aws_vpc",
                    "depends_on": [],
                    "primary": {
                        "id": "vpc-0e94d75be3246d759",
                        "attributes": {
                            "arn": "arn:aws:ec2:eu-central-1:903345005292:vpc/vpc-0e94d75be3246d759",
                            "assign_generated_ipv6_cidr_block": "false",
                            "cidr_block": "10.0.0.0/16",
                            "default_network_acl_id": "acl-0b415458117fdf7f2",
                            "default_route_table_id": "rtb-0528125e2890ebbf1",
                            "default_security_group_id": "sg-047f82975ab3370cc",
                            "dhcp_options_id": "dopt-09608460",
                            "enable_dns_hostnames": "true",
                            "enable_dns_support": "true",
                            "id": "vpc-0e94d75be3246d759",
                            "instance_tenancy": "default",
                            "ipv6_association_id": "",
                            "ipv6_cidr_block": "",
                            "main_route_table_id": "rtb-0528125e2890ebbf1",
                            "tags.%": "1",
                            "tags.Name": "VPC-test"
                        },
                        "meta": {
                            "schema_version": "1"
                        },
                        "tainted": false
                    },
                    "deposed": [],
                    "provider": "provider.aws"
                },
                "data.aws_availability_zones.all": {
                    "type": "aws_availability_zones",
                    "depends_on": [],
                    "primary": {
                        "id": "2018-11-15 23:27:28.6426753 +0000 UTC",
                        "attributes": {
                            "id": "2018-11-15 23:27:28.6426753 +0000 UTC",
                            "names.#": "3",
                            "names.0": "eu-central-1a",
                            "names.1": "eu-central-1b",
                            "names.2": "eu-central-1c"
                        },
                        "meta": {},
                        "tainted": false
                    },
                    "deposed": [],
                    "provider": "provider.aws"
                },
                "tls_private_key.ma-privkey": {
                    "type": "tls_private_key",
                    "depends_on": [],
                    "primary": {
                        "id": "9a3288eaf774ffd3f9f46987914ee38e72e406f0",
                        "attributes": {
                            "algorithm": "RSA",
                            "ecdsa_curve": "P224",
                            "id": "9a3288eaf774ffd3f9f46987914ee38e72e406f0",
                            "private_key_pem": "-----BEGIN RSA PRIVATE KEY-----\nMIIJKgIBAAKCAgEA2KIPAml2eSDoKcjfo3j3ounMmA5j79NvuKKSvZDhHUMPqAgr\nmvsBBAkdsBzVToOya9RP5+xOzwvfjiVJAoQ29uBpH8o8sx+X9mf8dResrFAom0+6\np5CLdacPH+c7BKjIlE5GeCjE9hdjZPzeKb0p+NgZNwpmE4zV2S85ZB0Hm9YBwe6L\nLnVCK702Sv/yozcugd56IZajY3aow/2NuigUmdUgBP6v7rVCcOlDSNkUtjvmdIgc\n3V6prnJ56h0GLXEg5Lu4WOD8N3FZaxA4H5hlfmUKb6h91nrBJd2SmxZimanVzuRv\n41MX1Lm+AcRxuPqDL0t7oVZSVUZOrEBlooI/PX0qloVVhEo6QRwt9FDRxwmJSA7q\n7jCQFlp+/yHKNw4SKrQf3yVWXaXTMWwJ5DESqMzZRuG9TbNXBKWhxerolMS3yzA/\n/O7i1l++wuS/ZauXSKPf7ADyZd+EZBJqrWyjca1kmx011N4xfvRiqI94jMfQE08M\n4GHqgPsWVqDmmB26lz6d8Swp6BFuFcr6QnhQMHO1dfKfkZgxapio055GvOJWDDjb\nwrfMCrXl14JZfu3ZlcbHGWkN0MsQ2FclilDAa7U1rOFzZ751WNwpHVc3PziTacDe\nZBoqJeMxOS8AgfTz6KUATF+/GUnE9b+V6ap+OUoRAzYDvWCr6Lts9r0L4NsCAwEA\nAQKCAgBqM+DJ3Owg6/oFah4BZW955cbQkNV7oJt31/O6jYlfMB4/0WmXPBC+ar2s\nNiZ4rGXPKTHXUGk+ZeK+LBdD7Y+IrnG7DQl/AzEbstT4jpevjkiqA4dNWLaWAkWO\n7Wxol1pmIo23oL0WrFalDrbXnY4zGbYa3rU2RmgcZmNrajPtuRf5fDmtl/zNtqAk\nWqAYVhgtwOT9DH2jaGvKUcamibm3xN1CtZ2ImEIvWpwK3amiwXD0ljoYaK0lAag1\nFu+NXZWzrTfuErZzc9VTgIsTKkIvmddo8CBpApsoNh0GfQ3vqWxRVnpn5rebKUg2\nU5kxB1dC222LpecNOT+egJ+S8OmRE5oC+IfV4FUdpL+BXw14qvii7Zf02f744Nm5\narwTlqhTGRa+M1E1X1EyI2pySodsDLRu/7UwC9bdvGiu0mNqX6BfQkwE2pykC4NW\nwQuSfJUv4YfwHgDK6Nf7hOUWhZvAXCSt6pFb2m/Ocwxq6/RQv9wqGZpifdjBGmk8\nRZUjoK/Fk+K3DBlx/CNPUOS7NktOGIgbw5Zvrp3OSDmfScmjCICzYpN74paKRCc6\nYpqw+/nuztyflwKjyKqUTeoNlm27PxJjfmqnVh+4k/z8Cpmjjmiwic/kgq5eD/MU\nEzSzqyrNTGX2XWLh/pUxS5slY8toW8mYUDaGXXTdcduMrcLDaQKCAQEA703F2fix\neKvK5/oeV9XZoMUMsYz8DFZ1syTJj7xir5SI+pW3S4Wnewi5qb4hqIhlRvCRulgx\nJWZjz3kCgu3tkKfbsKhj5YJeGzW1YwaWWRVY5oY3+rzRAyGj4KLP/HY84iqDn51k\nPkUOISfzps2h4vW0KqrQZWhLT4NSFT0jm5mvqPvwjkXtymJfXsB+DEXIsU8KQAxQ\nGJ0QEV4RF9uN1BIxehf9KVSoQ1FPH2QqLSWsDSaZQLY1EH9KIac0dndL72XJNyzi\nvcEXD2vFu+xJvB9GGtzeyz/Mh/p1s3/qZJeXsR1EcXmqw9zLlwtQ+fJb6Ox3pvSP\nfT/0hYOXH331HQKCAQEA579cfEQYj2Ig7sj+W3nvA+YSgOuqv+s7ivEsrsQuDLmd\nqnMkYmOykcd336UbJv3bbgBj+dtnlndeVZ45VIkc3V2jo4yLjtOwJS2/J89Mhz/j\nFLg6nj7A0pQBW1QQgbpHHOOwBpXEcMGndDzBMT7DkCe3VyaInkM5VYjQPOVrcTeu\nxK5KFw3dNsn3S60uYPH7DAOBTQftZ6n8uvjzFgY9fARJocdUZWeLqvkRMkYi+Npk\nP7LzXC/4QeBPbRUhprkTTfZOURb+PF39vY5rTG3llwAs1uKsrEi066+3P91QtOO8\nDimvHjQ53hwdwQTpUSwlOWpPpFOsrGTInNEbZmOkVwKCAQEA0JsxgCPlQVYwmSxW\nSydmgVmFCTnndjHghHvrIVuNg5WuGxNsJ2+pYf1nK+tMmAfekYqg3pqGrR2moHPS\nlqQmVdWeE0+XVbjhpEKbjmltotaTGtGh9vemFF685tPHD0NbK6T3/KpNemLkQE79\nfUkAeELL/e3NoLjb/cJySYV0hu3gTSTivIOFGMnMbWLL/pLOspI+Uzroj6xLF3iy\n2eNQra/2ZYKH9AGSdKxqlujQQ271nrkpG1o6w9jSnKePej3geh5225xLRDMQkSbX\nxkvisxVoHX6w0OkauObCt+koQOxNFd53jZwMGpVc/JymyFxXdqK8Y1QJyZt44vKl\nSJSamQKCAQEAu4R+7FoZWWO4bB6cmh42xXvTuxd2CWbovgtZ8WvyKv/CUNpsNWSg\naA7zszYgm1NLy11riA/9aKXb4gFuODXd8kzDjSG7Bu3JGLxEcYzuSn3qW6iaXdM/\nKOTzmBeUZ7P3uKuPkjR7SBWaTpaeaB92FF3enxkh8JVKfih+/tdQMcMxmhnA/5iL\nR7rya/yMi4shbN4lMNRaR8gnJI8t+sM/2uqJPetRIeBABi8UuA5CXAQym8xL2GtE\nQOGkwwoXOZWFxk6nnjuxqd0P5OKpdaVy4dUVcyblO151bkO3Tmjg1g1z7C3Ucecm\nb89mT/mOZM0IrcWU/c1q6e9+2EznE9lKbwKCAQEAr2RT7vGUKD526jICji4HET0A\nrDKimq23AbBAZlFOO8q3o3dEh9Gd9OEo8JcPr9499z2KI9xv98YfNBJS5o5bTP2/\n5vgc4flRzU9UOdOVMzGObfUFb1g6DoknGf0BlYtx2sV2FUOBFeIcDhKnJCrrtPqX\nxcGg71eE8pZq69MRfU/ixihjrkylhn5zyeYO7YPuaTSaFrzW/Lyz2Devg9rmOTM4\ny3cDtp3p8q8ceou2uisaFXjwEsX/g01f0/Bc01AxDYBMEPVQRYMyqmcepKphDmgl\nBQsb349Tp1D+c2gVPkTbh6SD69yqh+zHqb08sJtvyjVKhEzHLmZKYs2zniWm+Q==\n-----END RSA PRIVATE KEY-----\n",
                            "public_key_fingerprint_md5": "62:c8:21:19:bc:77:fd:1b:cd:1c:82:0a:42:25:85:79",
                            "public_key_openssh": "ssh-rsa AAAAB3NzaC1yc2EAAAADAQABAAACAQDYog8CaXZ5IOgpyN+jePei6cyYDmPv02+4opK9kOEdQw+oCCua+wEECR2wHNVOg7Jr1E/n7E7PC9+OJUkChDb24GkfyjyzH5f2Z/x1F6ysUCibT7qnkIt1pw8f5zsEqMiUTkZ4KMT2F2Nk/N4pvSn42Bk3CmYTjNXZLzlkHQeb1gHB7osudUIrvTZK//KjNy6B3nohlqNjdqjD/Y26KBSZ1SAE/q/utUJw6UNI2RS2O+Z0iBzdXqmucnnqHQYtcSDku7hY4Pw3cVlrEDgfmGV+ZQpvqH3WesEl3ZKbFmKZqdXO5G/jUxfUub4BxHG4+oMvS3uhVlJVRk6sQGWigj89fSqWhVWESjpBHC30UNHHCYlIDuruMJAWWn7/Ico3DhIqtB/fJVZdpdMxbAnkMRKozNlG4b1Ns1cEpaHF6uiUxLfLMD/87uLWX77C5L9lq5dIo9/sAPJl34RkEmqtbKNxrWSbHTXU3jF+9GKoj3iMx9ATTwzgYeqA+xZWoOaYHbqXPp3xLCnoEW4VyvpCeFAwc7V18p+RmDFqmKjTnka84lYMONvCt8wKteXXgll+7dmVxscZaQ3QyxDYVyWKUMBrtTWs4XNnvnVY3CkdVzc/OJNpwN5kGiol4zE5LwCB9PPopQBMX78ZScT1v5Xpqn45ShEDNgO9YKvou2z2vQvg2w==\n",
                            "public_key_pem": "-----BEGIN PUBLIC KEY-----\nMIICIjANBgkqhkiG9w0BAQEFAAOCAg8AMIICCgKCAgEA2KIPAml2eSDoKcjfo3j3\nounMmA5j79NvuKKSvZDhHUMPqAgrmvsBBAkdsBzVToOya9RP5+xOzwvfjiVJAoQ2\n9uBpH8o8sx+X9mf8dResrFAom0+6p5CLdacPH+c7BKjIlE5GeCjE9hdjZPzeKb0p\n+NgZNwpmE4zV2S85ZB0Hm9YBwe6LLnVCK702Sv/yozcugd56IZajY3aow/2NuigU\nmdUgBP6v7rVCcOlDSNkUtjvmdIgc3V6prnJ56h0GLXEg5Lu4WOD8N3FZaxA4H5hl\nfmUKb6h91nrBJd2SmxZimanVzuRv41MX1Lm+AcRxuPqDL0t7oVZSVUZOrEBlooI/\nPX0qloVVhEo6QRwt9FDRxwmJSA7q7jCQFlp+/yHKNw4SKrQf3yVWXaXTMWwJ5DES\nqMzZRuG9TbNXBKWhxerolMS3yzA//O7i1l++wuS/ZauXSKPf7ADyZd+EZBJqrWyj\nca1kmx011N4xfvRiqI94jMfQE08M4GHqgPsWVqDmmB26lz6d8Swp6BFuFcr6QnhQ\nMHO1dfKfkZgxapio055GvOJWDDjbwrfMCrXl14JZfu3ZlcbHGWkN0MsQ2FclilDA\na7U1rOFzZ751WNwpHVc3PziTacDeZBoqJeMxOS8AgfTz6KUATF+/GUnE9b+V6ap+\nOUoRAzYDvWCr6Lts9r0L4NsCAwEAAQ==\n-----END PUBLIC KEY-----\n",
                            "rsa_bits": "4096"
                        },
                        "meta": {},
                        "tainted": false
                    },
                    "deposed": [],
                    "provider": "provider.tls"
                }
            },
            "depends_on": []
        }
    ]
}
